// !$*UTF8*$!
{
	archiveVersion = 1;
	classes = {
	};
	objectVersion = 56;
	objects = {

/* Begin PBXBuildFile section */
		580E84A429CD0D0200856805 /* LandmarksApp.swift in Sources */ = {isa = PBXBuildFile; fileRef = 580E84A329CD0D0200856805 /* LandmarksApp.swift */; };
		580E84A629CD0D0200856805 /* ContentView.swift in Sources */ = {isa = PBXBuildFile; fileRef = 580E84A529CD0D0200856805 /* ContentView.swift */; };
		580E84A829CD0D0200856805 /* Assets.xcassets in Resources */ = {isa = PBXBuildFile; fileRef = 580E84A729CD0D0200856805 /* Assets.xcassets */; };
		580E84AB29CD0D0200856805 /* Preview Assets.xcassets in Resources */ = {isa = PBXBuildFile; fileRef = 580E84AA29CD0D0200856805 /* Preview Assets.xcassets */; };
		580E84B229CD125700856805 /* CircleImage.swift in Sources */ = {isa = PBXBuildFile; fileRef = 580E84B129CD125700856805 /* CircleImage.swift */; };
		580E84B429CD131700856805 /* MapView.swift in Sources */ = {isa = PBXBuildFile; fileRef = 580E84B329CD131700856805 /* MapView.swift */; };
		580E84B629D9112E00856805 /* landmarkData.json in Resources */ = {isa = PBXBuildFile; fileRef = 580E84B529D9112E00856805 /* landmarkData.json */; };
		580E84B829D9115000856805 /* Landmark.swift in Sources */ = {isa = PBXBuildFile; fileRef = 580E84B729D9115000856805 /* Landmark.swift */; };
		580E84C029D9161C00856805 /* ModelData.swift in Sources */ = {isa = PBXBuildFile; fileRef = 580E84BF29D9161C00856805 /* ModelData.swift */; };
		580E84C229D9167700856805 /* LandmarkRow.swift in Sources */ = {isa = PBXBuildFile; fileRef = 580E84C129D9167700856805 /* LandmarkRow.swift */; };
		580E84C429D9184A00856805 /* LandmarkList.swift in Sources */ = {isa = PBXBuildFile; fileRef = 580E84C329D9184A00856805 /* LandmarkList.swift */; };
		580E84C629D91A0100856805 /* LandmarkDetail.swift in Sources */ = {isa = PBXBuildFile; fileRef = 580E84C529D91A0000856805 /* LandmarkDetail.swift */; };
		580E84C829DA49F200856805 /* FavoriteButton.swift in Sources */ = {isa = PBXBuildFile; fileRef = 580E84C729DA49F200856805 /* FavoriteButton.swift */; };
		580E84CC29DAE61F00856805 /* HexagonParameters.swift in Sources */ = {isa = PBXBuildFile; fileRef = 580E84CB29DAE61F00856805 /* HexagonParameters.swift */; };
		580E84D029DAE79700856805 /* BadgeBackground.swift in Sources */ = {isa = PBXBuildFile; fileRef = 580E84CF29DAE79700856805 /* BadgeBackground.swift */; };
		580E84D229DAEFCA00856805 /* BadgeSymbol.swift in Sources */ = {isa = PBXBuildFile; fileRef = 580E84D129DAEFCA00856805 /* BadgeSymbol.swift */; };
		580E84D429DAF06A00856805 /* RotatedBadgeSymbol.swift in Sources */ = {isa = PBXBuildFile; fileRef = 580E84D329DAF06A00856805 /* RotatedBadgeSymbol.swift */; };
		580E84D629DAF10500856805 /* Badge.swift in Sources */ = {isa = PBXBuildFile; fileRef = 580E84D529DAF10500856805 /* Badge.swift */; };
		580E84D929DAF3D100856805 /* hikeData.json in Resources */ = {isa = PBXBuildFile; fileRef = 580E84D829DAF3D100856805 /* hikeData.json */; };
		580E84DB29DAF3F500856805 /* Hike.swift in Sources */ = {isa = PBXBuildFile; fileRef = 580E84DA29DAF3F500856805 /* Hike.swift */; };
		580E84E129DAF47E00856805 /* GraphCapsule.swift in Sources */ = {isa = PBXBuildFile; fileRef = 580E84DD29DAF47E00856805 /* GraphCapsule.swift */; };
		580E84E229DAF47E00856805 /* HikeGraph.swift in Sources */ = {isa = PBXBuildFile; fileRef = 580E84DE29DAF47E00856805 /* HikeGraph.swift */; };
		580E84E329DAF47E00856805 /* HikeDetail.swift in Sources */ = {isa = PBXBuildFile; fileRef = 580E84DF29DAF47E00856805 /* HikeDetail.swift */; };
		580E84E429DAF47E00856805 /* HikeView.swift in Sources */ = {isa = PBXBuildFile; fileRef = 580E84E029DAF47E00856805 /* HikeView.swift */; };
		580E84E729DB127100856805 /* CategoryHome.swift in Sources */ = {isa = PBXBuildFile; fileRef = 580E84E629DB127100856805 /* CategoryHome.swift */; };
		580E84E929DB169E00856805 /* CategoryRow.swift in Sources */ = {isa = PBXBuildFile; fileRef = 580E84E829DB169E00856805 /* CategoryRow.swift */; };
		580E84EB29DB17D500856805 /* CategoryItem.swift in Sources */ = {isa = PBXBuildFile; fileRef = 580E84EA29DB17D400856805 /* CategoryItem.swift */; };
/* End PBXBuildFile section */

/* Begin PBXFileReference section */
		580E84A029CD0D0200856805 /* Landmarks.app */ = {isa = PBXFileReference; explicitFileType = wrapper.application; includeInIndex = 0; path = Landmarks.app; sourceTree = BUILT_PRODUCTS_DIR; };
		580E84A329CD0D0200856805 /* LandmarksApp.swift */ = {isa = PBXFileReference; lastKnownFileType = sourcecode.swift; path = LandmarksApp.swift; sourceTree = "<group>"; };
		580E84A529CD0D0200856805 /* ContentView.swift */ = {isa = PBXFileReference; lastKnownFileType = sourcecode.swift; path = ContentView.swift; sourceTree = "<group>"; };
		580E84A729CD0D0200856805 /* Assets.xcassets */ = {isa = PBXFileReference; lastKnownFileType = folder.assetcatalog; path = Assets.xcassets; sourceTree = "<group>"; };
		580E84AA29CD0D0200856805 /* Preview Assets.xcassets */ = {isa = PBXFileReference; lastKnownFileType = folder.assetcatalog; path = "Preview Assets.xcassets"; sourceTree = "<group>"; };
		580E84B129CD125700856805 /* CircleImage.swift */ = {isa = PBXFileReference; lastKnownFileType = sourcecode.swift; path = CircleImage.swift; sourceTree = "<group>"; };
		580E84B329CD131700856805 /* MapView.swift */ = {isa = PBXFileReference; lastKnownFileType = sourcecode.swift; path = MapView.swift; sourceTree = "<group>"; };
		580E84B529D9112E00856805 /* landmarkData.json */ = {isa = PBXFileReference; fileEncoding = 4; lastKnownFileType = text.json; path = landmarkData.json; sourceTree = "<group>"; };
		580E84B729D9115000856805 /* Landmark.swift */ = {isa = PBXFileReference; lastKnownFileType = sourcecode.swift; path = Landmark.swift; sourceTree = "<group>"; };
		580E84BF29D9161C00856805 /* ModelData.swift */ = {isa = PBXFileReference; fileEncoding = 4; lastKnownFileType = sourcecode.swift; path = ModelData.swift; sourceTree = "<group>"; };
		580E84C129D9167700856805 /* LandmarkRow.swift */ = {isa = PBXFileReference; lastKnownFileType = sourcecode.swift; path = LandmarkRow.swift; sourceTree = "<group>"; };
		580E84C329D9184A00856805 /* LandmarkList.swift */ = {isa = PBXFileReference; lastKnownFileType = sourcecode.swift; path = LandmarkList.swift; sourceTree = "<group>"; };
		580E84C529D91A0000856805 /* LandmarkDetail.swift */ = {isa = PBXFileReference; lastKnownFileType = sourcecode.swift; path = LandmarkDetail.swift; sourceTree = "<group>"; };
		580E84C729DA49F200856805 /* FavoriteButton.swift */ = {isa = PBXFileReference; lastKnownFileType = sourcecode.swift; path = FavoriteButton.swift; sourceTree = "<group>"; };
		580E84CB29DAE61F00856805 /* HexagonParameters.swift */ = {isa = PBXFileReference; lastKnownFileType = sourcecode.swift; path = HexagonParameters.swift; sourceTree = "<group>"; };
		580E84CF29DAE79700856805 /* BadgeBackground.swift */ = {isa = PBXFileReference; lastKnownFileType = sourcecode.swift; path = BadgeBackground.swift; sourceTree = "<group>"; };
		580E84D129DAEFCA00856805 /* BadgeSymbol.swift */ = {isa = PBXFileReference; lastKnownFileType = sourcecode.swift; path = BadgeSymbol.swift; sourceTree = "<group>"; };
		580E84D329DAF06A00856805 /* RotatedBadgeSymbol.swift */ = {isa = PBXFileReference; lastKnownFileType = sourcecode.swift; path = RotatedBadgeSymbol.swift; sourceTree = "<group>"; };
		580E84D529DAF10500856805 /* Badge.swift */ = {isa = PBXFileReference; lastKnownFileType = sourcecode.swift; path = Badge.swift; sourceTree = "<group>"; };
		580E84D829DAF3D100856805 /* hikeData.json */ = {isa = PBXFileReference; fileEncoding = 4; lastKnownFileType = text.json; path = hikeData.json; sourceTree = "<group>"; };
		580E84DA29DAF3F500856805 /* Hike.swift */ = {isa = PBXFileReference; lastKnownFileType = sourcecode.swift; path = Hike.swift; sourceTree = "<group>"; };
		580E84DD29DAF47E00856805 /* GraphCapsule.swift */ = {isa = PBXFileReference; fileEncoding = 4; lastKnownFileType = sourcecode.swift; path = GraphCapsule.swift; sourceTree = "<group>"; };
		580E84DE29DAF47E00856805 /* HikeGraph.swift */ = {isa = PBXFileReference; fileEncoding = 4; lastKnownFileType = sourcecode.swift; path = HikeGraph.swift; sourceTree = "<group>"; };
		580E84DF29DAF47E00856805 /* HikeDetail.swift */ = {isa = PBXFileReference; fileEncoding = 4; lastKnownFileType = sourcecode.swift; path = HikeDetail.swift; sourceTree = "<group>"; };
		580E84E029DAF47E00856805 /* HikeView.swift */ = {isa = PBXFileReference; fileEncoding = 4; lastKnownFileType = sourcecode.swift; path = HikeView.swift; sourceTree = "<group>"; };
		580E84E629DB127100856805 /* CategoryHome.swift */ = {isa = PBXFileReference; lastKnownFileType = sourcecode.swift; path = CategoryHome.swift; sourceTree = "<group>"; };
		580E84E829DB169E00856805 /* CategoryRow.swift */ = {isa = PBXFileReference; lastKnownFileType = sourcecode.swift; path = CategoryRow.swift; sourceTree = "<group>"; };
		580E84EA29DB17D400856805 /* CategoryItem.swift */ = {isa = PBXFileReference; lastKnownFileType = sourcecode.swift; path = CategoryItem.swift; sourceTree = "<group>"; };
/* End PBXFileReference section */

/* Begin PBXFrameworksBuildPhase section */
		580E849D29CD0D0200856805 /* Frameworks */ = {
			isa = PBXFrameworksBuildPhase;
			buildActionMask = 2147483647;
			files = (
			);
			runOnlyForDeploymentPostprocessing = 0;
		};
/* End PBXFrameworksBuildPhase section */

/* Begin PBXGroup section */
		580E849729CD0D0200856805 = {
			isa = PBXGroup;
			children = (
				580E84A229CD0D0200856805 /* Landmarks */,
				580E84A129CD0D0200856805 /* Products */,
			);
			sourceTree = "<group>";
		};
		580E84A129CD0D0200856805 /* Products */ = {
			isa = PBXGroup;
			children = (
				580E84A029CD0D0200856805 /* Landmarks.app */,
			);
			name = Products;
			sourceTree = "<group>";
		};
		580E84A229CD0D0200856805 /* Landmarks */ = {
			isa = PBXGroup;
			children = (
				580E84A329CD0D0200856805 /* LandmarksApp.swift */,
				580E84BB29D9154100856805 /* Views */,
				580E84BC29D9156400856805 /* Model */,
				580E84BD29D9156B00856805 /* Resources */,
				580E84A729CD0D0200856805 /* Assets.xcassets */,
				580E84A929CD0D0200856805 /* Preview Content */,
			);
			path = Landmarks;
			sourceTree = "<group>";
		};
		580E84A929CD0D0200856805 /* Preview Content */ = {
			isa = PBXGroup;
			children = (
				580E84AA29CD0D0200856805 /* Preview Assets.xcassets */,
			);
			path = "Preview Content";
			sourceTree = "<group>";
		};
		580E84BB29D9154100856805 /* Views */ = {
			isa = PBXGroup;
			children = (
				580E84A529CD0D0200856805 /* ContentView.swift */,
				580E84D729DAF22800856805 /* Badge */,
				580E84E529DB120F00856805 /* Categories */,
				580E84DC29DAF47E00856805 /* Hikes */,
				580E84C929DA4B0700856805 /* Landmarks */,
				580E84CA29DA4B1200856805 /* Helpers */,
			);
			path = Views;
			sourceTree = "<group>";
		};
		580E84BC29D9156400856805 /* Model */ = {
			isa = PBXGroup;
			children = (
				580E84BF29D9161C00856805 /* ModelData.swift */,
				580E84B729D9115000856805 /* Landmark.swift */,
				580E84DA29DAF3F500856805 /* Hike.swift */,
			);
			path = Model;
			sourceTree = "<group>";
		};
		580E84BD29D9156B00856805 /* Resources */ = {
			isa = PBXGroup;
			children = (
				580E84D829DAF3D100856805 /* hikeData.json */,
				580E84B529D9112E00856805 /* landmarkData.json */,
			);
			path = Resources;
			sourceTree = "<group>";
		};
		580E84C929DA4B0700856805 /* Landmarks */ = {
			isa = PBXGroup;
			children = (
				580E84C329D9184A00856805 /* LandmarkList.swift */,
				580E84C129D9167700856805 /* LandmarkRow.swift */,
				580E84C529D91A0000856805 /* LandmarkDetail.swift */,
			);
			path = Landmarks;
			sourceTree = "<group>";
		};
		580E84CA29DA4B1200856805 /* Helpers */ = {
			isa = PBXGroup;
			children = (
				580E84B129CD125700856805 /* CircleImage.swift */,
				580E84B329CD131700856805 /* MapView.swift */,
				580E84C729DA49F200856805 /* FavoriteButton.swift */,
			);
			path = Helpers;
			sourceTree = "<group>";
		};
		580E84D729DAF22800856805 /* Badge */ = {
			isa = PBXGroup;
			children = (
				580E84D529DAF10500856805 /* Badge.swift */,
				580E84CF29DAE79700856805 /* BadgeBackground.swift */,
				580E84D129DAEFCA00856805 /* BadgeSymbol.swift */,
				580E84D329DAF06A00856805 /* RotatedBadgeSymbol.swift */,
				580E84CB29DAE61F00856805 /* HexagonParameters.swift */,
			);
			path = Badge;
			sourceTree = "<group>";
		};
		580E84DC29DAF47E00856805 /* Hikes */ = {
			isa = PBXGroup;
			children = (
				580E84DD29DAF47E00856805 /* GraphCapsule.swift */,
				580E84DE29DAF47E00856805 /* HikeGraph.swift */,
				580E84DF29DAF47E00856805 /* HikeDetail.swift */,
				580E84E029DAF47E00856805 /* HikeView.swift */,
			);
			path = Hikes;
			sourceTree = "<group>";
		};
		580E84E529DB120F00856805 /* Categories */ = {
			isa = PBXGroup;
			children = (
				580E84E629DB127100856805 /* CategoryHome.swift */,
				580E84E829DB169E00856805 /* CategoryRow.swift */,
				580E84EA29DB17D400856805 /* CategoryItem.swift */,
			);
			path = Categories;
			sourceTree = "<group>";
		};
/* End PBXGroup section */

/* Begin PBXNativeTarget section */
		580E849F29CD0D0200856805 /* Landmarks */ = {
			isa = PBXNativeTarget;
			buildConfigurationList = 580E84AE29CD0D0200856805 /* Build configuration list for PBXNativeTarget "Landmarks" */;
			buildPhases = (
				580E849C29CD0D0200856805 /* Sources */,
				580E849D29CD0D0200856805 /* Frameworks */,
				580E849E29CD0D0200856805 /* Resources */,
			);
			buildRules = (
			);
			dependencies = (
			);
			name = Landmarks;
			productName = Landmarks;
			productReference = 580E84A029CD0D0200856805 /* Landmarks.app */;
			productType = "com.apple.product-type.application";
		};
/* End PBXNativeTarget section */

/* Begin PBXProject section */
		580E849829CD0D0200856805 /* Project object */ = {
			isa = PBXProject;
			attributes = {
				BuildIndependentTargetsInParallel = 1;
				LastSwiftUpdateCheck = 1430;
				LastUpgradeCheck = 1430;
				TargetAttributes = {
					580E849F29CD0D0200856805 = {
						CreatedOnToolsVersion = 14.3;
					};
				};
			};
			buildConfigurationList = 580E849B29CD0D0200856805 /* Build configuration list for PBXProject "Landmarks" */;
			compatibilityVersion = "Xcode 14.0";
			developmentRegion = en;
			hasScannedForEncodings = 0;
			knownRegions = (
				en,
				Base,
			);
			mainGroup = 580E849729CD0D0200856805;
			productRefGroup = 580E84A129CD0D0200856805 /* Products */;
			projectDirPath = "";
			projectRoot = "";
			targets = (
				580E849F29CD0D0200856805 /* Landmarks */,
			);
		};
/* End PBXProject section */

/* Begin PBXResourcesBuildPhase section */
		580E849E29CD0D0200856805 /* Resources */ = {
			isa = PBXResourcesBuildPhase;
			buildActionMask = 2147483647;
			files = (
				580E84D929DAF3D100856805 /* hikeData.json in Resources */,
				580E84AB29CD0D0200856805 /* Preview Assets.xcassets in Resources */,
				580E84A829CD0D0200856805 /* Assets.xcassets in Resources */,
				580E84B629D9112E00856805 /* landmarkData.json in Resources */,
			);
			runOnlyForDeploymentPostprocessing = 0;
		};
/* End PBXResourcesBuildPhase section */

/* Begin PBXSourcesBuildPhase section */
		580E849C29CD0D0200856805 /* Sources */ = {
			isa = PBXSourcesBuildPhase;
			buildActionMask = 2147483647;
			files = (
				580E84E929DB169E00856805 /* CategoryRow.swift in Sources */,
				580E84A629CD0D0200856805 /* ContentView.swift in Sources */,
				580E84E729DB127100856805 /* CategoryHome.swift in Sources */,
				580E84E229DAF47E00856805 /* HikeGraph.swift in Sources */,
				580E84D629DAF10500856805 /* Badge.swift in Sources */,
				580E84B429CD131700856805 /* MapView.swift in Sources */,
				580E84E129DAF47E00856805 /* GraphCapsule.swift in Sources */,
				580E84A429CD0D0200856805 /* LandmarksApp.swift in Sources */,
				580E84C829DA49F200856805 /* FavoriteButton.swift in Sources */,
				580E84EB29DB17D500856805 /* CategoryItem.swift in Sources */,
				580E84E329DAF47E00856805 /* HikeDetail.swift in Sources */,
				580E84CC29DAE61F00856805 /* HexagonParameters.swift in Sources */,
				580E84DB29DAF3F500856805 /* Hike.swift in Sources */,
				580E84D429DAF06A00856805 /* RotatedBadgeSymbol.swift in Sources */,
				580E84D229DAEFCA00856805 /* BadgeSymbol.swift in Sources */,
				580E84C429D9184A00856805 /* LandmarkList.swift in Sources */,
				580E84E429DAF47E00856805 /* HikeView.swift in Sources */,
				580E84C629D91A0100856805 /* LandmarkDetail.swift in Sources */,
				580E84D029DAE79700856805 /* BadgeBackground.swift in Sources */,
				580E84B229CD125700856805 /* CircleImage.swift in Sources */,
				580E84B829D9115000856805 /* Landmark.swift in Sources */,
				580E84C229D9167700856805 /* LandmarkRow.swift in Sources */,
				580E84C029D9161C00856805 /* ModelData.swift in Sources */,
			);
			runOnlyForDeploymentPostprocessing = 0;
		};
/* End PBXSourcesBuildPhase section */

/* Begin XCBuildConfiguration section */
		580E84AC29CD0D0200856805 /* Debug */ = {
			isa = XCBuildConfiguration;
			buildSettings = {
				ALWAYS_SEARCH_USER_PATHS = NO;
				CLANG_ANALYZER_NONNULL = YES;
				CLANG_ANALYZER_NUMBER_OBJECT_CONVERSION = YES_AGGRESSIVE;
				CLANG_CXX_LANGUAGE_STANDARD = "gnu++20";
				CLANG_ENABLE_MODULES = YES;
				CLANG_ENABLE_OBJC_ARC = YES;
				CLANG_ENABLE_OBJC_WEAK = YES;
				CLANG_WARN_BLOCK_CAPTURE_AUTORELEASING = YES;
				CLANG_WARN_BOOL_CONVERSION = YES;
				CLANG_WARN_COMMA = YES;
				CLANG_WARN_CONSTANT_CONVERSION = YES;
				CLANG_WARN_DEPRECATED_OBJC_IMPLEMENTATIONS = YES;
				CLANG_WARN_DIRECT_OBJC_ISA_USAGE = YES_ERROR;
				CLANG_WARN_DOCUMENTATION_COMMENTS = YES;
				CLANG_WARN_EMPTY_BODY = YES;
				CLANG_WARN_ENUM_CONVERSION = YES;
				CLANG_WARN_INFINITE_RECURSION = YES;
				CLANG_WARN_INT_CONVERSION = YES;
				CLANG_WARN_NON_LITERAL_NULL_CONVERSION = YES;
				CLANG_WARN_OBJC_IMPLICIT_RETAIN_SELF = YES;
				CLANG_WARN_OBJC_LITERAL_CONVERSION = YES;
				CLANG_WARN_OBJC_ROOT_CLASS = YES_ERROR;
				CLANG_WARN_QUOTED_INCLUDE_IN_FRAMEWORK_HEADER = YES;
				CLANG_WARN_RANGE_LOOP_ANALYSIS = YES;
				CLANG_WARN_STRICT_PROTOTYPES = YES;
				CLANG_WARN_SUSPICIOUS_MOVE = YES;
				CLANG_WARN_UNGUARDED_AVAILABILITY = YES_AGGRESSIVE;
				CLANG_WARN_UNREACHABLE_CODE = YES;
				CLANG_WARN__DUPLICATE_METHOD_MATCH = YES;
				COPY_PHASE_STRIP = NO;
				DEBUG_INFORMATION_FORMAT = dwarf;
				ENABLE_STRICT_OBJC_MSGSEND = YES;
				ENABLE_TESTABILITY = YES;
				GCC_C_LANGUAGE_STANDARD = gnu11;
				GCC_DYNAMIC_NO_PIC = NO;
				GCC_NO_COMMON_BLOCKS = YES;
				GCC_OPTIMIZATION_LEVEL = 0;
				GCC_PREPROCESSOR_DEFINITIONS = (
					"DEBUG=1",
					"$(inherited)",
				);
				GCC_WARN_64_TO_32_BIT_CONVERSION = YES;
				GCC_WARN_ABOUT_RETURN_TYPE = YES_ERROR;
				GCC_WARN_UNDECLARED_SELECTOR = YES;
				GCC_WARN_UNINITIALIZED_AUTOS = YES_AGGRESSIVE;
				GCC_WARN_UNUSED_FUNCTION = YES;
				GCC_WARN_UNUSED_VARIABLE = YES;
				IPHONEOS_DEPLOYMENT_TARGET = 16.4;
				MTL_ENABLE_DEBUG_INFO = INCLUDE_SOURCE;
				MTL_FAST_MATH = YES;
				ONLY_ACTIVE_ARCH = YES;
				SDKROOT = iphoneos;
				SWIFT_ACTIVE_COMPILATION_CONDITIONS = DEBUG;
				SWIFT_OPTIMIZATION_LEVEL = "-Onone";
			};
			name = Debug;
		};
		580E84AD29CD0D0200856805 /* Release */ = {
			isa = XCBuildConfiguration;
			buildSettings = {
				ALWAYS_SEARCH_USER_PATHS = NO;
				CLANG_ANALYZER_NONNULL = YES;
				CLANG_ANALYZER_NUMBER_OBJECT_CONVERSION = YES_AGGRESSIVE;
				CLANG_CXX_LANGUAGE_STANDARD = "gnu++20";
				CLANG_ENABLE_MODULES = YES;
				CLANG_ENABLE_OBJC_ARC = YES;
				CLANG_ENABLE_OBJC_WEAK = YES;
				CLANG_WARN_BLOCK_CAPTURE_AUTORELEASING = YES;
				CLANG_WARN_BOOL_CONVERSION = YES;
				CLANG_WARN_COMMA = YES;
				CLANG_WARN_CONSTANT_CONVERSION = YES;
				CLANG_WARN_DEPRECATED_OBJC_IMPLEMENTATIONS = YES;
				CLANG_WARN_DIRECT_OBJC_ISA_USAGE = YES_ERROR;
				CLANG_WARN_DOCUMENTATION_COMMENTS = YES;
				CLANG_WARN_EMPTY_BODY = YES;
				CLANG_WARN_ENUM_CONVERSION = YES;
				CLANG_WARN_INFINITE_RECURSION = YES;
				CLANG_WARN_INT_CONVERSION = YES;
				CLANG_WARN_NON_LITERAL_NULL_CONVERSION = YES;
				CLANG_WARN_OBJC_IMPLICIT_RETAIN_SELF = YES;
				CLANG_WARN_OBJC_LITERAL_CONVERSION = YES;
				CLANG_WARN_OBJC_ROOT_CLASS = YES_ERROR;
				CLANG_WARN_QUOTED_INCLUDE_IN_FRAMEWORK_HEADER = YES;
				CLANG_WARN_RANGE_LOOP_ANALYSIS = YES;
				CLANG_WARN_STRICT_PROTOTYPES = YES;
				CLANG_WARN_SUSPICIOUS_MOVE = YES;
				CLANG_WARN_UNGUARDED_AVAILABILITY = YES_AGGRESSIVE;
				CLANG_WARN_UNREACHABLE_CODE = YES;
				CLANG_WARN__DUPLICATE_METHOD_MATCH = YES;
				COPY_PHASE_STRIP = NO;
				DEBUG_INFORMATION_FORMAT = "dwarf-with-dsym";
				ENABLE_NS_ASSERTIONS = NO;
				ENABLE_STRICT_OBJC_MSGSEND = YES;
				GCC_C_LANGUAGE_STANDARD = gnu11;
				GCC_NO_COMMON_BLOCKS = YES;
				GCC_WARN_64_TO_32_BIT_CONVERSION = YES;
				GCC_WARN_ABOUT_RETURN_TYPE = YES_ERROR;
				GCC_WARN_UNDECLARED_SELECTOR = YES;
				GCC_WARN_UNINITIALIZED_AUTOS = YES_AGGRESSIVE;
				GCC_WARN_UNUSED_FUNCTION = YES;
				GCC_WARN_UNUSED_VARIABLE = YES;
				IPHONEOS_DEPLOYMENT_TARGET = 16.4;
				MTL_ENABLE_DEBUG_INFO = NO;
				MTL_FAST_MATH = YES;
				SDKROOT = iphoneos;
				SWIFT_COMPILATION_MODE = wholemodule;
				SWIFT_OPTIMIZATION_LEVEL = "-O";
				VALIDATE_PRODUCT = YES;
			};
			name = Release;
		};
		580E84AF29CD0D0200856805 /* Debug */ = {
			isa = XCBuildConfiguration;
			buildSettings = {
				ASSETCATALOG_COMPILER_APPICON_NAME = AppIcon;
				ASSETCATALOG_COMPILER_GLOBAL_ACCENT_COLOR_NAME = AccentColor;
				CODE_SIGN_STYLE = Automatic;
				CURRENT_PROJECT_VERSION = 1;
				DEVELOPMENT_ASSET_PATHS = "\"Landmarks/Preview Content\"";
				DEVELOPMENT_TEAM = FYQZLQ757N;
				ENABLE_PREVIEWS = YES;
				GENERATE_INFOPLIST_FILE = YES;
				INFOPLIST_KEY_UIApplicationSceneManifest_Generation = YES;
				INFOPLIST_KEY_UIApplicationSupportsIndirectInputEvents = YES;
				INFOPLIST_KEY_UILaunchScreen_Generation = YES;
				INFOPLIST_KEY_UISupportedInterfaceOrientations_iPad = "UIInterfaceOrientationPortrait UIInterfaceOrientationPortraitUpsideDown UIInterfaceOrientationLandscapeLeft UIInterfaceOrientationLandscapeRight";
				INFOPLIST_KEY_UISupportedInterfaceOrientations_iPhone = "UIInterfaceOrientationPortrait UIInterfaceOrientationLandscapeLeft UIInterfaceOrientationLandscapeRight";
				LD_RUNPATH_SEARCH_PATHS = (
					"$(inherited)",
					"@executable_path/Frameworks",
				);
				MARKETING_VERSION = 1.0;
				PRODUCT_BUNDLE_IDENTIFIER = com.nurluyolerislam.Landmarks;
				PRODUCT_NAME = "$(TARGET_NAME)";
				SWIFT_EMIT_LOC_STRINGS = YES;
				SWIFT_VERSION = 5.0;
				TARGETED_DEVICE_FAMILY = "1,2";
			};
			name = Debug;
		};
		580E84B029CD0D0200856805 /* Release */ = {
			isa = XCBuildConfiguration;
			buildSettings = {
				ASSETCATALOG_COMPILER_APPICON_NAME = AppIcon;
				ASSETCATALOG_COMPILER_GLOBAL_ACCENT_COLOR_NAME = AccentColor;
				CODE_SIGN_STYLE = Automatic;
				CURRENT_PROJECT_VERSION = 1;
				DEVELOPMENT_ASSET_PATHS = "\"Landmarks/Preview Content\"";
				DEVELOPMENT_TEAM = FYQZLQ757N;
				ENABLE_PREVIEWS = YES;
				GENERATE_INFOPLIST_FILE = YES;
				INFOPLIST_KEY_UIApplicationSceneManifest_Generation = YES;
				INFOPLIST_KEY_UIApplicationSupportsIndirectInputEvents = YES;
				INFOPLIST_KEY_UILaunchScreen_Generation = YES;
				INFOPLIST_KEY_UISupportedInterfaceOrientations_iPad = "UIInterfaceOrientationPortrait UIInterfaceOrientationPortraitUpsideDown UIInterfaceOrientationLandscapeLeft UIInterfaceOrientationLandscapeRight";
				INFOPLIST_KEY_UISupportedInterfaceOrientations_iPhone = "UIInterfaceOrientationPortrait UIInterfaceOrientationLandscapeLeft UIInterfaceOrientationLandscapeRight";
				LD_RUNPATH_SEARCH_PATHS = (
					"$(inherited)",
					"@executable_path/Frameworks",
				);
				MARKETING_VERSION = 1.0;
				PRODUCT_BUNDLE_IDENTIFIER = com.nurluyolerislam.Landmarks;
				PRODUCT_NAME = "$(TARGET_NAME)";
				SWIFT_EMIT_LOC_STRINGS = YES;
				SWIFT_VERSION = 5.0;
				TARGETED_DEVICE_FAMILY = "1,2";
			};
			name = Release;
		};
/* End XCBuildConfiguration section */

/* Begin XCConfigurationList section */
		580E849B29CD0D0200856805 /* Build configuration list for PBXProject "Landmarks" */ = {
			isa = XCConfigurationList;
			buildConfigurations = (
				580E84AC29CD0D0200856805 /* Debug */,
				580E84AD29CD0D0200856805 /* Release */,
			);
			defaultConfigurationIsVisible = 0;
			defaultConfigurationName = Release;
		};
		580E84AE29CD0D0200856805 /* Build configuration list for PBXNativeTarget "Landmarks" */ = {
			isa = XCConfigurationList;
			buildConfigurations = (
				580E84AF29CD0D0200856805 /* Debug */,
				580E84B029CD0D0200856805 /* Release */,
			);
			defaultConfigurationIsVisible = 0;
			defaultConfigurationName = Release;
		};
/* End XCConfigurationList section */
	};
	rootObject = 580E849829CD0D0200856805 /* Project object */;
}
